// !$*UTF8*$!
{
	archiveVersion = 1;
	classes = {
	};
	objectVersion = 54;
	objects = {

/* Begin PBXBuildFile section */
		F695DC04263E6243001A76B9 /* RekClientApp.swift in Sources */ = {isa = PBXBuildFile; fileRef = F695DBF1263E6241001A76B9 /* RekClientApp.swift */; };
		F695DC05263E6243001A76B9 /* RekClientApp.swift in Sources */ = {isa = PBXBuildFile; fileRef = F695DBF1263E6241001A76B9 /* RekClientApp.swift */; };
		F695DC06263E6243001A76B9 /* LoginView.swift in Sources */ = {isa = PBXBuildFile; fileRef = F695DBF2263E6241001A76B9 /* LoginView.swift */; };
		F695DC07263E6243001A76B9 /* LoginView.swift in Sources */ = {isa = PBXBuildFile; fileRef = F695DBF2263E6241001A76B9 /* LoginView.swift */; };
		F695DC08263E6243001A76B9 /* Assets.xcassets in Resources */ = {isa = PBXBuildFile; fileRef = F695DBF3263E6243001A76B9 /* Assets.xcassets */; };
		F695DC09263E6243001A76B9 /* Assets.xcassets in Resources */ = {isa = PBXBuildFile; fileRef = F695DBF3263E6243001A76B9 /* Assets.xcassets */; };
		F69C3509264819ED009CFC20 /* CognitoConfig.plist in Resources */ = {isa = PBXBuildFile; fileRef = F69C3508264819ED009CFC20 /* CognitoConfig.plist */; };
		F69C350A264819ED009CFC20 /* CognitoConfig.plist in Resources */ = {isa = PBXBuildFile; fileRef = F69C3508264819ED009CFC20 /* CognitoConfig.plist */; };
		F69C350D26481C01009CFC20 /* CognitoConfig.sh in Resources */ = {isa = PBXBuildFile; fileRef = F69C350C26481B5A009CFC20 /* CognitoConfig.sh */; };
		F69C350E26481C03009CFC20 /* CognitoConfig.sh in Resources */ = {isa = PBXBuildFile; fileRef = F69C350C26481B5A009CFC20 /* CognitoConfig.sh */; };
		F69C351026482289009CFC20 /* CognitoConfig.swift in Sources */ = {isa = PBXBuildFile; fileRef = F69C350F26482289009CFC20 /* CognitoConfig.swift */; };
		F69C351126482289009CFC20 /* CognitoConfig.swift in Sources */ = {isa = PBXBuildFile; fileRef = F69C350F26482289009CFC20 /* CognitoConfig.swift */; };
		F69C3513264CE84D009CFC20 /* BottomSheetView.swift in Sources */ = {isa = PBXBuildFile; fileRef = F69C3512264CE84D009CFC20 /* BottomSheetView.swift */; };
		F69C3516264D0E91009CFC20 /* KeychainSwift in Frameworks */ = {isa = PBXBuildFile; productRef = F69C3515264D0E91009CFC20 /* KeychainSwift */; };
		F69C3524264FD2AF009CFC20 /* ErrorSheetView.swift in Sources */ = {isa = PBXBuildFile; fileRef = F69C3523264FD2AF009CFC20 /* ErrorSheetView.swift */; };
		F69C3525264FD2AF009CFC20 /* ErrorSheetView.swift in Sources */ = {isa = PBXBuildFile; fileRef = F69C3523264FD2AF009CFC20 /* ErrorSheetView.swift */; };
		F6B84814263E874900F7FD9B /* Image+centerCropped.swift in Sources */ = {isa = PBXBuildFile; fileRef = F6B84813263E874900F7FD9B /* Image+centerCropped.swift */; };
		F6B84815263E874900F7FD9B /* Image+centerCropped.swift in Sources */ = {isa = PBXBuildFile; fileRef = F6B84813263E874900F7FD9B /* Image+centerCropped.swift */; };
		F6B84818263E8E3E00F7FD9B /* RegisterView.swift in Sources */ = {isa = PBXBuildFile; fileRef = F6B84817263E8E3E00F7FD9B /* RegisterView.swift */; };
		F6B84819263E8E3E00F7FD9B /* RegisterView.swift in Sources */ = {isa = PBXBuildFile; fileRef = F6B84817263E8E3E00F7FD9B /* RegisterView.swift */; };
		F6B84823263ED5C400F7FD9B /* AppError.swift in Sources */ = {isa = PBXBuildFile; fileRef = F6B84822263ED5C400F7FD9B /* AppError.swift */; };
		F6B84824263ED5C400F7FD9B /* AppError.swift in Sources */ = {isa = PBXBuildFile; fileRef = F6B84822263ED5C400F7FD9B /* AppError.swift */; };
		F6B8482B263EDB4800F7FD9B /* SotoCognitoAuthenticationKit in Frameworks */ = {isa = PBXBuildFile; productRef = F6B8482A263EDB4800F7FD9B /* SotoCognitoAuthenticationKit */; };
		F6B8482D263EDB4800F7FD9B /* SotoCognitoAuthenticationSRP in Frameworks */ = {isa = PBXBuildFile; productRef = F6B8482C263EDB4800F7FD9B /* SotoCognitoAuthenticationSRP */; };
		F6B8482F263EDF1800F7FD9B /* LoginHandler.swift in Sources */ = {isa = PBXBuildFile; fileRef = F6B8482E263EDF1800F7FD9B /* LoginHandler.swift */; };
		F6B84830263EDF1800F7FD9B /* LoginHandler.swift in Sources */ = {isa = PBXBuildFile; fileRef = F6B8482E263EDF1800F7FD9B /* LoginHandler.swift */; };
/* End PBXBuildFile section */

/* Begin PBXFileReference section */
		F695DBF1263E6241001A76B9 /* RekClientApp.swift */ = {isa = PBXFileReference; lastKnownFileType = sourcecode.swift; path = RekClientApp.swift; sourceTree = "<group>"; };
		F695DBF2263E6241001A76B9 /* LoginView.swift */ = {isa = PBXFileReference; lastKnownFileType = sourcecode.swift; path = LoginView.swift; sourceTree = "<group>"; };
		F695DBF3263E6243001A76B9 /* Assets.xcassets */ = {isa = PBXFileReference; lastKnownFileType = folder.assetcatalog; path = Assets.xcassets; sourceTree = "<group>"; };
		F695DBF8263E6243001A76B9 /* RekClient.app */ = {isa = PBXFileReference; explicitFileType = wrapper.application; includeInIndex = 0; path = RekClient.app; sourceTree = BUILT_PRODUCTS_DIR; };
		F695DBFB263E6243001A76B9 /* Info.plist */ = {isa = PBXFileReference; lastKnownFileType = text.plist.xml; path = Info.plist; sourceTree = "<group>"; };
		F695DC00263E6243001A76B9 /* RekClient.app */ = {isa = PBXFileReference; explicitFileType = wrapper.application; includeInIndex = 0; path = RekClient.app; sourceTree = BUILT_PRODUCTS_DIR; };
		F695DC02263E6243001A76B9 /* Info.plist */ = {isa = PBXFileReference; lastKnownFileType = text.plist.xml; path = Info.plist; sourceTree = "<group>"; };
		F695DC03263E6243001A76B9 /* macOS.entitlements */ = {isa = PBXFileReference; lastKnownFileType = text.plist.entitlements; path = macOS.entitlements; sourceTree = "<group>"; };
		F69C3508264819ED009CFC20 /* CognitoConfig.plist */ = {isa = PBXFileReference; lastKnownFileType = text.plist.xml; path = CognitoConfig.plist; sourceTree = "<group>"; };
		F69C350C26481B5A009CFC20 /* CognitoConfig.sh */ = {isa = PBXFileReference; lastKnownFileType = text.script.sh; path = CognitoConfig.sh; sourceTree = "<group>"; };
		F69C350F26482289009CFC20 /* CognitoConfig.swift */ = {isa = PBXFileReference; fileEncoding = 4; lastKnownFileType = sourcecode.swift; path = CognitoConfig.swift; sourceTree = "<group>"; };
		F69C3512264CE84D009CFC20 /* BottomSheetView.swift */ = {isa = PBXFileReference; lastKnownFileType = sourcecode.swift; path = BottomSheetView.swift; sourceTree = "<group>"; };
		F69C3523264FD2AF009CFC20 /* ErrorSheetView.swift */ = {isa = PBXFileReference; lastKnownFileType = sourcecode.swift; path = ErrorSheetView.swift; sourceTree = "<group>"; };
		F6B84813263E874900F7FD9B /* Image+centerCropped.swift */ = {isa = PBXFileReference; lastKnownFileType = sourcecode.swift; path = "Image+centerCropped.swift"; sourceTree = "<group>"; };
		F6B84817263E8E3E00F7FD9B /* RegisterView.swift */ = {isa = PBXFileReference; lastKnownFileType = sourcecode.swift; path = RegisterView.swift; sourceTree = "<group>"; };
		F6B84822263ED5C400F7FD9B /* AppError.swift */ = {isa = PBXFileReference; lastKnownFileType = sourcecode.swift; path = AppError.swift; sourceTree = "<group>"; };
		F6B8482E263EDF1800F7FD9B /* LoginHandler.swift */ = {isa = PBXFileReference; lastKnownFileType = sourcecode.swift; path = LoginHandler.swift; sourceTree = "<group>"; };
/* End PBXFileReference section */

/* Begin PBXFrameworksBuildPhase section */
		F695DBF5263E6243001A76B9 /* Frameworks */ = {
			isa = PBXFrameworksBuildPhase;
			buildActionMask = 2147483647;
			files = (
				F6B8482B263EDB4800F7FD9B /* SotoCognitoAuthenticationKit in Frameworks */,
				F69C3516264D0E91009CFC20 /* KeychainSwift in Frameworks */,
				F6B8482D263EDB4800F7FD9B /* SotoCognitoAuthenticationSRP in Frameworks */,
			);
			runOnlyForDeploymentPostprocessing = 0;
		};
		F695DBFD263E6243001A76B9 /* Frameworks */ = {
			isa = PBXFrameworksBuildPhase;
			buildActionMask = 2147483647;
			files = (
			);
			runOnlyForDeploymentPostprocessing = 0;
		};
/* End PBXFrameworksBuildPhase section */

/* Begin PBXGroup section */
		F695DBEB263E6241001A76B9 = {
			isa = PBXGroup;
			children = (
				F695DBF0263E6241001A76B9 /* Shared */,
				F695DBFA263E6243001A76B9 /* iOS */,
				F695DC01263E6243001A76B9 /* macOS */,
				F695DBF9263E6243001A76B9 /* Products */,
			);
			sourceTree = "<group>";
		};
		F695DBF0263E6241001A76B9 /* Shared */ = {
			isa = PBXGroup;
			children = (
				F69C3507264819BA009CFC20 /* Config */,
				F6B84825263ED6F300F7FD9B /* Main */,
				F6B84821263ED5A800F7FD9B /* ErrorHandling */,
				F6B8481D263ED4C000F7FD9B /* Networking */,
				F6B84816263E8E2000F7FD9B /* Onboarding */,
				F6B84812263E871700F7FD9B /* Extensions */,
				F695DBF1263E6241001A76B9 /* RekClientApp.swift */,
				F695DBF3263E6243001A76B9 /* Assets.xcassets */,
			);
			path = Shared;
			sourceTree = "<group>";
		};
		F695DBF9263E6243001A76B9 /* Products */ = {
			isa = PBXGroup;
			children = (
				F695DBF8263E6243001A76B9 /* RekClient.app */,
				F695DC00263E6243001A76B9 /* RekClient.app */,
			);
			name = Products;
			sourceTree = "<group>";
		};
		F695DBFA263E6243001A76B9 /* iOS */ = {
			isa = PBXGroup;
			children = (
				F6B84811263E659D00F7FD9B /* Onboarding */,
				F695DBFB263E6243001A76B9 /* Info.plist */,
				F69C3523264FD2AF009CFC20 /* ErrorSheetView.swift */,
			);
			path = iOS;
			sourceTree = "<group>";
		};
		F695DC01263E6243001A76B9 /* macOS */ = {
			isa = PBXGroup;
			children = (
				F695DC02263E6243001A76B9 /* Info.plist */,
				F695DC03263E6243001A76B9 /* macOS.entitlements */,
			);
			path = macOS;
			sourceTree = "<group>";
		};
		F69C3507264819BA009CFC20 /* Config */ = {
			isa = PBXGroup;
			children = (
				F69C350F26482289009CFC20 /* CognitoConfig.swift */,
				F69C3508264819ED009CFC20 /* CognitoConfig.plist */,
				F69C350C26481B5A009CFC20 /* CognitoConfig.sh */,
			);
			path = Config;
			sourceTree = "<group>";
		};
		F6B84811263E659D00F7FD9B /* Onboarding */ = {
			isa = PBXGroup;
			children = (
				F69C3512264CE84D009CFC20 /* BottomSheetView.swift */,
			);
			path = Onboarding;
			sourceTree = "<group>";
		};
		F6B84812263E871700F7FD9B /* Extensions */ = {
			isa = PBXGroup;
			children = (
				F6B84813263E874900F7FD9B /* Image+centerCropped.swift */,
			);
			path = Extensions;
			sourceTree = "<group>";
		};
		F6B84816263E8E2000F7FD9B /* Onboarding */ = {
			isa = PBXGroup;
			children = (
				F695DBF2263E6241001A76B9 /* LoginView.swift */,
				F6B84817263E8E3E00F7FD9B /* RegisterView.swift */,
			);
			path = Onboarding;
			sourceTree = "<group>";
		};
		F6B8481D263ED4C000F7FD9B /* Networking */ = {
			isa = PBXGroup;
			children = (
				F6B8482E263EDF1800F7FD9B /* LoginHandler.swift */,
			);
			path = Networking;
			sourceTree = "<group>";
		};
		F6B84821263ED5A800F7FD9B /* ErrorHandling */ = {
			isa = PBXGroup;
			children = (
				F6B84822263ED5C400F7FD9B /* AppError.swift */,
			);
			path = ErrorHandling;
			sourceTree = "<group>";
		};
		F6B84825263ED6F300F7FD9B /* Main */ = {
			isa = PBXGroup;
			children = (
			);
			path = Main;
			sourceTree = "<group>";
		};
/* End PBXGroup section */

/* Begin PBXNativeTarget section */
		F695DBF7263E6243001A76B9 /* RekClient (iOS) */ = {
			isa = PBXNativeTarget;
			buildConfigurationList = F695DC0C263E6243001A76B9 /* Build configuration list for PBXNativeTarget "RekClient (iOS)" */;
			buildPhases = (
				F69C350B26481A7C009CFC20 /* CognitoConfig */,
				F695DBF4263E6243001A76B9 /* Sources */,
				F695DBF5263E6243001A76B9 /* Frameworks */,
				F695DBF6263E6243001A76B9 /* Resources */,
			);
			buildRules = (
			);
			dependencies = (
			);
			name = "RekClient (iOS)";
			packageProductDependencies = (
				F6B8482A263EDB4800F7FD9B /* SotoCognitoAuthenticationKit */,
				F6B8482C263EDB4800F7FD9B /* SotoCognitoAuthenticationSRP */,
				F69C3515264D0E91009CFC20 /* KeychainSwift */,
			);
			productName = "RekClient (iOS)";
			productReference = F695DBF8263E6243001A76B9 /* RekClient.app */;
			productType = "com.apple.product-type.application";
		};
		F695DBFF263E6243001A76B9 /* RekClient (macOS) */ = {
			isa = PBXNativeTarget;
			buildConfigurationList = F695DC0F263E6243001A76B9 /* Build configuration list for PBXNativeTarget "RekClient (macOS)" */;
			buildPhases = (
				F695DBFC263E6243001A76B9 /* Sources */,
				F695DBFD263E6243001A76B9 /* Frameworks */,
				F695DBFE263E6243001A76B9 /* Resources */,
			);
			buildRules = (
			);
			dependencies = (
			);
			name = "RekClient (macOS)";
			productName = "RekClient (macOS)";
			productReference = F695DC00263E6243001A76B9 /* RekClient.app */;
			productType = "com.apple.product-type.application";
		};
/* End PBXNativeTarget section */

/* Begin PBXProject section */
		F695DBEC263E6241001A76B9 /* Project object */ = {
			isa = PBXProject;
			attributes = {
				LastSwiftUpdateCheck = 1250;
				LastUpgradeCheck = 1250;
				TargetAttributes = {
					F695DBF7263E6243001A76B9 = {
						CreatedOnToolsVersion = 12.5;
					};
					F695DBFF263E6243001A76B9 = {
						CreatedOnToolsVersion = 12.5;
					};
				};
			};
			buildConfigurationList = F695DBEF263E6241001A76B9 /* Build configuration list for PBXProject "RekClient" */;
			compatibilityVersion = "Xcode 9.3";
			developmentRegion = en;
			hasScannedForEncodings = 0;
			knownRegions = (
				en,
				Base,
			);
			mainGroup = F695DBEB263E6241001A76B9;
			packageReferences = (
				F6B84829263EDB4800F7FD9B /* XCRemoteSwiftPackageReference "soto-cognito-authentication-kit" */,
				F69C3514264D0E91009CFC20 /* XCRemoteSwiftPackageReference "keychain-swift" */,
			);
			productRefGroup = F695DBF9263E6243001A76B9 /* Products */;
			projectDirPath = "";
			projectRoot = "";
			targets = (
				F695DBF7263E6243001A76B9 /* RekClient (iOS) */,
				F695DBFF263E6243001A76B9 /* RekClient (macOS) */,
			);
		};
/* End PBXProject section */

/* Begin PBXResourcesBuildPhase section */
		F695DBF6263E6243001A76B9 /* Resources */ = {
			isa = PBXResourcesBuildPhase;
			buildActionMask = 2147483647;
			files = (
				F69C3509264819ED009CFC20 /* CognitoConfig.plist in Resources */,
				F695DC08263E6243001A76B9 /* Assets.xcassets in Resources */,
				F69C350D26481C01009CFC20 /* CognitoConfig.sh in Resources */,
			);
			runOnlyForDeploymentPostprocessing = 0;
		};
		F695DBFE263E6243001A76B9 /* Resources */ = {
			isa = PBXResourcesBuildPhase;
			buildActionMask = 2147483647;
			files = (
				F69C350A264819ED009CFC20 /* CognitoConfig.plist in Resources */,
				F695DC09263E6243001A76B9 /* Assets.xcassets in Resources */,
				F69C350E26481C03009CFC20 /* CognitoConfig.sh in Resources */,
			);
			runOnlyForDeploymentPostprocessing = 0;
		};
/* End PBXResourcesBuildPhase section */

/* Begin PBXShellScriptBuildPhase section */
		F69C350B26481A7C009CFC20 /* CognitoConfig */ = {
			isa = PBXShellScriptBuildPhase;
			alwaysOutOfDate = 1;
			buildActionMask = 2147483647;
			files = (
			);
			inputFileListPaths = (
			);
			inputPaths = (
			);
			name = CognitoConfig;
			outputFileListPaths = (
			);
			outputPaths = (
			);
			runOnlyForDeploymentPostprocessing = 0;
			shellPath = /bin/sh;
			shellScript = "# Type a script or drag a script file from your workspace to insert its path.\n$SRCROOT/Shared/Config/CognitoConfig.sh\n";
		};
/* End PBXShellScriptBuildPhase section */

/* Begin PBXSourcesBuildPhase section */
		F695DBF4263E6243001A76B9 /* Sources */ = {
			isa = PBXSourcesBuildPhase;
			buildActionMask = 2147483647;
			files = (
				F6B84814263E874900F7FD9B /* Image+centerCropped.swift in Sources */,
				F6B84818263E8E3E00F7FD9B /* RegisterView.swift in Sources */,
				F69C3513264CE84D009CFC20 /* BottomSheetView.swift in Sources */,
				F6B84823263ED5C400F7FD9B /* AppError.swift in Sources */,
				F69C3524264FD2AF009CFC20 /* ErrorSheetView.swift in Sources */,
				F6B8482F263EDF1800F7FD9B /* LoginHandler.swift in Sources */,
				F695DC06263E6243001A76B9 /* LoginView.swift in Sources */,
				F695DC04263E6243001A76B9 /* RekClientApp.swift in Sources */,
				F69C351026482289009CFC20 /* CognitoConfig.swift in Sources */,
			);
			runOnlyForDeploymentPostprocessing = 0;
		};
		F695DBFC263E6243001A76B9 /* Sources */ = {
			isa = PBXSourcesBuildPhase;
			buildActionMask = 2147483647;
			files = (
				F6B84815263E874900F7FD9B /* Image+centerCropped.swift in Sources */,
				F6B84819263E8E3E00F7FD9B /* RegisterView.swift in Sources */,
				F6B84824263ED5C400F7FD9B /* AppError.swift in Sources */,
				F6B84830263EDF1800F7FD9B /* LoginHandler.swift in Sources */,
				F695DC07263E6243001A76B9 /* LoginView.swift in Sources */,
				F69C3525264FD2AF009CFC20 /* ErrorSheetView.swift in Sources */,
				F695DC05263E6243001A76B9 /* RekClientApp.swift in Sources */,
				F69C351126482289009CFC20 /* CognitoConfig.swift in Sources */,
			);
			runOnlyForDeploymentPostprocessing = 0;
		};
/* End PBXSourcesBuildPhase section */

/* Begin XCBuildConfiguration section */
		F695DC0A263E6243001A76B9 /* Debug */ = {
			isa = XCBuildConfiguration;
			buildSettings = {
				ALWAYS_SEARCH_USER_PATHS = NO;
				CLANG_ANALYZER_NONNULL = YES;
				CLANG_ANALYZER_NUMBER_OBJECT_CONVERSION = YES_AGGRESSIVE;
				CLANG_CXX_LANGUAGE_STANDARD = "gnu++14";
				CLANG_CXX_LIBRARY = "libc++";
				CLANG_ENABLE_MODULES = YES;
				CLANG_ENABLE_OBJC_ARC = YES;
				CLANG_ENABLE_OBJC_WEAK = YES;
				CLANG_WARN_BLOCK_CAPTURE_AUTORELEASING = YES;
				CLANG_WARN_BOOL_CONVERSION = YES;
				CLANG_WARN_COMMA = YES;
				CLANG_WARN_CONSTANT_CONVERSION = YES;
				CLANG_WARN_DEPRECATED_OBJC_IMPLEMENTATIONS = YES;
				CLANG_WARN_DIRECT_OBJC_ISA_USAGE = YES_ERROR;
				CLANG_WARN_DOCUMENTATION_COMMENTS = YES;
				CLANG_WARN_EMPTY_BODY = YES;
				CLANG_WARN_ENUM_CONVERSION = YES;
				CLANG_WARN_INFINITE_RECURSION = YES;
				CLANG_WARN_INT_CONVERSION = YES;
				CLANG_WARN_NON_LITERAL_NULL_CONVERSION = YES;
				CLANG_WARN_OBJC_IMPLICIT_RETAIN_SELF = YES;
				CLANG_WARN_OBJC_LITERAL_CONVERSION = YES;
				CLANG_WARN_OBJC_ROOT_CLASS = YES_ERROR;
				CLANG_WARN_QUOTED_INCLUDE_IN_FRAMEWORK_HEADER = YES;
				CLANG_WARN_RANGE_LOOP_ANALYSIS = YES;
				CLANG_WARN_STRICT_PROTOTYPES = YES;
				CLANG_WARN_SUSPICIOUS_MOVE = YES;
				CLANG_WARN_UNGUARDED_AVAILABILITY = YES_AGGRESSIVE;
				CLANG_WARN_UNREACHABLE_CODE = YES;
				CLANG_WARN__DUPLICATE_METHOD_MATCH = YES;
				COPY_PHASE_STRIP = NO;
				DEBUG_INFORMATION_FORMAT = dwarf;
				ENABLE_STRICT_OBJC_MSGSEND = YES;
				ENABLE_TESTABILITY = YES;
				GCC_C_LANGUAGE_STANDARD = gnu11;
				GCC_DYNAMIC_NO_PIC = NO;
				GCC_NO_COMMON_BLOCKS = YES;
				GCC_OPTIMIZATION_LEVEL = 0;
				GCC_PREPROCESSOR_DEFINITIONS = (
					"DEBUG=1",
					"$(inherited)",
				);
				GCC_WARN_64_TO_32_BIT_CONVERSION = YES;
				GCC_WARN_ABOUT_RETURN_TYPE = YES_ERROR;
				GCC_WARN_UNDECLARED_SELECTOR = YES;
				GCC_WARN_UNINITIALIZED_AUTOS = YES_AGGRESSIVE;
				GCC_WARN_UNUSED_FUNCTION = YES;
				GCC_WARN_UNUSED_VARIABLE = YES;
				MTL_ENABLE_DEBUG_INFO = INCLUDE_SOURCE;
				MTL_FAST_MATH = YES;
				ONLY_ACTIVE_ARCH = YES;
				SWIFT_ACTIVE_COMPILATION_CONDITIONS = DEBUG;
				SWIFT_OPTIMIZATION_LEVEL = "-Onone";
			};
			name = Debug;
		};
		F695DC0B263E6243001A76B9 /* Release */ = {
			isa = XCBuildConfiguration;
			buildSettings = {
				ALWAYS_SEARCH_USER_PATHS = NO;
				CLANG_ANALYZER_NONNULL = YES;
				CLANG_ANALYZER_NUMBER_OBJECT_CONVERSION = YES_AGGRESSIVE;
				CLANG_CXX_LANGUAGE_STANDARD = "gnu++14";
				CLANG_CXX_LIBRARY = "libc++";
				CLANG_ENABLE_MODULES = YES;
				CLANG_ENABLE_OBJC_ARC = YES;
				CLANG_ENABLE_OBJC_WEAK = YES;
				CLANG_WARN_BLOCK_CAPTURE_AUTORELEASING = YES;
				CLANG_WARN_BOOL_CONVERSION = YES;
				CLANG_WARN_COMMA = YES;
				CLANG_WARN_CONSTANT_CONVERSION = YES;
				CLANG_WARN_DEPRECATED_OBJC_IMPLEMENTATIONS = YES;
				CLANG_WARN_DIRECT_OBJC_ISA_USAGE = YES_ERROR;
				CLANG_WARN_DOCUMENTATION_COMMENTS = YES;
				CLANG_WARN_EMPTY_BODY = YES;
				CLANG_WARN_ENUM_CONVERSION = YES;
				CLANG_WARN_INFINITE_RECURSION = YES;
				CLANG_WARN_INT_CONVERSION = YES;
				CLANG_WARN_NON_LITERAL_NULL_CONVERSION = YES;
				CLANG_WARN_OBJC_IMPLICIT_RETAIN_SELF = YES;
				CLANG_WARN_OBJC_LITERAL_CONVERSION = YES;
				CLANG_WARN_OBJC_ROOT_CLASS = YES_ERROR;
				CLANG_WARN_QUOTED_INCLUDE_IN_FRAMEWORK_HEADER = YES;
				CLANG_WARN_RANGE_LOOP_ANALYSIS = YES;
				CLANG_WARN_STRICT_PROTOTYPES = YES;
				CLANG_WARN_SUSPICIOUS_MOVE = YES;
				CLANG_WARN_UNGUARDED_AVAILABILITY = YES_AGGRESSIVE;
				CLANG_WARN_UNREACHABLE_CODE = YES;
				CLANG_WARN__DUPLICATE_METHOD_MATCH = YES;
				COPY_PHASE_STRIP = NO;
				DEBUG_INFORMATION_FORMAT = "dwarf-with-dsym";
				ENABLE_NS_ASSERTIONS = NO;
				ENABLE_STRICT_OBJC_MSGSEND = YES;
				GCC_C_LANGUAGE_STANDARD = gnu11;
				GCC_NO_COMMON_BLOCKS = YES;
				GCC_WARN_64_TO_32_BIT_CONVERSION = YES;
				GCC_WARN_ABOUT_RETURN_TYPE = YES_ERROR;
				GCC_WARN_UNDECLARED_SELECTOR = YES;
				GCC_WARN_UNINITIALIZED_AUTOS = YES_AGGRESSIVE;
				GCC_WARN_UNUSED_FUNCTION = YES;
				GCC_WARN_UNUSED_VARIABLE = YES;
				MTL_ENABLE_DEBUG_INFO = NO;
				MTL_FAST_MATH = YES;
				SWIFT_COMPILATION_MODE = wholemodule;
				SWIFT_OPTIMIZATION_LEVEL = "-O";
			};
			name = Release;
		};
		F695DC0D263E6243001A76B9 /* Debug */ = {
			isa = XCBuildConfiguration;
			buildSettings = {
				ASSETCATALOG_COMPILER_APPICON_NAME = AppIcon;
				ASSETCATALOG_COMPILER_GLOBAL_ACCENT_COLOR_NAME = AccentColor;
				CODE_SIGN_STYLE = Automatic;
				DEVELOPMENT_TEAM = NJVCTU6K2V;
				ENABLE_PREVIEWS = YES;
				INFOPLIST_FILE = iOS/Info.plist;
				IPHONEOS_DEPLOYMENT_TARGET = 14.0;
				LD_RUNPATH_SEARCH_PATHS = (
					"$(inherited)",
					"@executable_path/Frameworks",
				);
				PRODUCT_BUNDLE_IDENTIFIER = cx.multe.RekClient;
				PRODUCT_NAME = RekClient;
				SDKROOT = iphoneos;
				SWIFT_VERSION = 5.0;
				TARGETED_DEVICE_FAMILY = "1,2";
			};
			name = Debug;
		};
		F695DC0E263E6243001A76B9 /* Release */ = {
			isa = XCBuildConfiguration;
			buildSettings = {
				ASSETCATALOG_COMPILER_APPICON_NAME = AppIcon;
				ASSETCATALOG_COMPILER_GLOBAL_ACCENT_COLOR_NAME = AccentColor;
				CODE_SIGN_STYLE = Automatic;
				DEVELOPMENT_TEAM = NJVCTU6K2V;
				ENABLE_PREVIEWS = YES;
				INFOPLIST_FILE = iOS/Info.plist;
				IPHONEOS_DEPLOYMENT_TARGET = 14.0;
				LD_RUNPATH_SEARCH_PATHS = (
					"$(inherited)",
					"@executable_path/Frameworks",
				);
				PRODUCT_BUNDLE_IDENTIFIER = cx.multe.RekClient;
				PRODUCT_NAME = RekClient;
				SDKROOT = iphoneos;
				SWIFT_VERSION = 5.0;
				TARGETED_DEVICE_FAMILY = "1,2";
				VALIDATE_PRODUCT = YES;
			};
			name = Release;
		};
		F695DC10263E6243001A76B9 /* Debug */ = {
			isa = XCBuildConfiguration;
			buildSettings = {
				ASSETCATALOG_COMPILER_APPICON_NAME = AppIcon;
				ASSETCATALOG_COMPILER_GLOBAL_ACCENT_COLOR_NAME = AccentColor;
				CODE_SIGN_ENTITLEMENTS = macOS/macOS.entitlements;
				CODE_SIGN_STYLE = Automatic;
				COMBINE_HIDPI_IMAGES = YES;
				DEVELOPMENT_TEAM = NJVCTU6K2V;
				ENABLE_HARDENED_RUNTIME = YES;
				ENABLE_PREVIEWS = YES;
				INFOPLIST_FILE = macOS/Info.plist;
				LD_RUNPATH_SEARCH_PATHS = (
					"$(inherited)",
					"@executable_path/../Frameworks",
				);
				MACOSX_DEPLOYMENT_TARGET = 11.0;
				PRODUCT_BUNDLE_IDENTIFIER = cx.multe.RekClient;
				PRODUCT_NAME = RekClient;
				SDKROOT = macosx;
				SWIFT_VERSION = 5.0;
			};
			name = Debug;
		};
		F695DC11263E6243001A76B9 /* Release */ = {
			isa = XCBuildConfiguration;
			buildSettings = {
				ASSETCATALOG_COMPILER_APPICON_NAME = AppIcon;
				ASSETCATALOG_COMPILER_GLOBAL_ACCENT_COLOR_NAME = AccentColor;
				CODE_SIGN_ENTITLEMENTS = macOS/macOS.entitlements;
				CODE_SIGN_STYLE = Automatic;
				COMBINE_HIDPI_IMAGES = YES;
				DEVELOPMENT_TEAM = NJVCTU6K2V;
				ENABLE_HARDENED_RUNTIME = YES;
				ENABLE_PREVIEWS = YES;
				INFOPLIST_FILE = macOS/Info.plist;
				LD_RUNPATH_SEARCH_PATHS = (
					"$(inherited)",
					"@executable_path/../Frameworks",
				);
				MACOSX_DEPLOYMENT_TARGET = 11.0;
				PRODUCT_BUNDLE_IDENTIFIER = cx.multe.RekClient;
				PRODUCT_NAME = RekClient;
				SDKROOT = macosx;
				SWIFT_VERSION = 5.0;
			};
			name = Release;
		};
/* End XCBuildConfiguration section */

/* Begin XCConfigurationList section */
		F695DBEF263E6241001A76B9 /* Build configuration list for PBXProject "RekClient" */ = {
			isa = XCConfigurationList;
			buildConfigurations = (
				F695DC0A263E6243001A76B9 /* Debug */,
				F695DC0B263E6243001A76B9 /* Release */,
			);
			defaultConfigurationIsVisible = 0;
			defaultConfigurationName = Release;
		};
		F695DC0C263E6243001A76B9 /* Build configuration list for PBXNativeTarget "RekClient (iOS)" */ = {
			isa = XCConfigurationList;
			buildConfigurations = (
				F695DC0D263E6243001A76B9 /* Debug */,
				F695DC0E263E6243001A76B9 /* Release */,
			);
			defaultConfigurationIsVisible = 0;
			defaultConfigurationName = Release;
		};
		F695DC0F263E6243001A76B9 /* Build configuration list for PBXNativeTarget "RekClient (macOS)" */ = {
			isa = XCConfigurationList;
			buildConfigurations = (
				F695DC10263E6243001A76B9 /* Debug */,
				F695DC11263E6243001A76B9 /* Release */,
			);
			defaultConfigurationIsVisible = 0;
			defaultConfigurationName = Release;
		};
/* End XCConfigurationList section */

/* Begin XCRemoteSwiftPackageReference section */
		F69C3514264D0E91009CFC20 /* XCRemoteSwiftPackageReference "keychain-swift" */ = {
			isa = XCRemoteSwiftPackageReference;
			repositoryURL = "https://github.com/evgenyneu/keychain-swift.git";
			requirement = {
				kind = upToNextMajorVersion;
				minimumVersion = 19.0.0;
			};
		};
		F6B84829263EDB4800F7FD9B /* XCRemoteSwiftPackageReference "soto-cognito-authentication-kit" */ = {
			isa = XCRemoteSwiftPackageReference;
			repositoryURL = "https://github.com/soto-project/soto-cognito-authentication-kit.git";
			requirement = {
				kind = upToNextMajorVersion;
				minimumVersion = 2.3.0;
			};
		};
/* End XCRemoteSwiftPackageReference section */

/* Begin XCSwiftPackageProductDependency section */
		F69C3515264D0E91009CFC20 /* KeychainSwift */ = {
			isa = XCSwiftPackageProductDependency;
			package = F69C3514264D0E91009CFC20 /* XCRemoteSwiftPackageReference "keychain-swift" */;
			productName = KeychainSwift;
		};
		F6B8482A263EDB4800F7FD9B /* SotoCognitoAuthenticationKit */ = {
			isa = XCSwiftPackageProductDependency;
			package = F6B84829263EDB4800F7FD9B /* XCRemoteSwiftPackageReference "soto-cognito-authentication-kit" */;
			productName = SotoCognitoAuthenticationKit;
		};
		F6B8482C263EDB4800F7FD9B /* SotoCognitoAuthenticationSRP */ = {
			isa = XCSwiftPackageProductDependency;
			package = F6B84829263EDB4800F7FD9B /* XCRemoteSwiftPackageReference "soto-cognito-authentication-kit" */;
			productName = SotoCognitoAuthenticationSRP;
		};
/* End XCSwiftPackageProductDependency section */
	};
	rootObject = F695DBEC263E6241001A76B9 /* Project object */;
}
